<?xml version="1.0" encoding="utf-8"?>
<Project ToolsVersion="4.0" xmlns="http://schemas.microsoft.com/developer/msbuild/2003">
  <ItemGroup>
    <Filter Include="Source Files">
      <UniqueIdentifier>{4FC737F1-C7A5-4376-A066-2A32D752A2FF}</UniqueIdentifier>
      <Extensions>cpp;c;cc;cxx;c++;cppm;ixx;def;odl;idl;hpj;bat;asm;asmx</Extensions>
    </Filter>
    <Filter Include="Header Files">
      <UniqueIdentifier>{93995380-89BD-4b04-88EB-625FBE52EBFB}</UniqueIdentifier>
      <Extensions>h;hh;hpp;hxx;h++;hm;inl;inc;ipp;xsd</Extensions>
    </Filter>
    <Filter Include="Resource Files">
      <UniqueIdentifier>{67DA6AB6-F800-4c08-8B7A-83BB121AAD01}</UniqueIdentifier>
      <Extensions>rc;ico;cur;bmp;dlg;rc2;rct;bin;rgs;gif;jpg;jpeg;jpe;resx;tiff;tif;png;wav;mfcribbon-ms</Extensions>
    </Filter>
    <Filter Include="extern">
      <UniqueIdentifier>{0a369a80-554d-4da2-9d7e-41a36cae54ff}</UniqueIdentifier>
    </Filter>
    <Filter Include="extern\imgui">
      <UniqueIdentifier>{cd7ea0f4-7507-408f-bc8f-ae2da7160652}</UniqueIdentifier>
    </Filter>
    <Filter Include="extern\imgui\backends">
      <UniqueIdentifier>{30418960-768c-41ac-8530-44e2a6a090b6}</UniqueIdentifier>
    </Filter>
  </ItemGroup>
  <ItemGroup>
    <ClCompile Include="better-altab.cpp">
      <Filter>Source Files</Filter>
    </ClCompile>
    <ClCompile Include="Renderer.cpp">
      <Filter>Source Files</Filter>
    </ClCompile>
    <ClCompile Include="WindowManager.cpp">
      <Filter>Source Files</Filter>
    </ClCompile>
    <ClCompile Include="IconUtils.cpp">
      <Filter>Source Files</Filter>
    </ClCompile>
    <ClCompile Include="extern\imgui\imgui.cpp">
      <Filter>extern\imgui</Filter>
    </ClCompile>
    <ClCompile Include="extern\imgui\imgui_demo.cpp">
      <Filter>extern\imgui</Filter>
    </ClCompile>
    <ClCompile Include="extern\imgui\imgui_draw.cpp">
      <Filter>extern\imgui</Filter>
    </ClCompile>
    <ClCompile Include="extern\imgui\imgui_tables.cpp">
      <Filter>extern\imgui</Filter>
    </ClCompile>
    <ClCompile Include="extern\imgui\imgui_widgets.cpp">
      <Filter>extern\imgui</Filter>
    </ClCompile>
    <ClCompile Include="extern\imgui\backends\imgui_impl_dx11.cpp">
      <Filter>extern\imgui\backends</Filter>
    </ClCompile>
    <ClCompile Include="extern\imgui\backends\imgui_impl_win32.cpp">
      <Filter>extern\imgui\backends</Filter>
    </ClCompile>
  </ItemGroup>
  <ItemGroup>
    <ClInclude Include="Renderer.h">
      <Filter>Header Files</Filter>
    </ClInclude>
    <ClInclude Include="WindowManager.h">
      <Filter>Header Files</Filter>
    </ClInclude>
    <ClInclude Include="IconUtils.h">
      <Filter>Header Files</Filter>
    </ClInclude>
    <ClInclude Include="imgui_config.h">
      <Filter>Header Files</Filter>
    </ClInclude>
    <ClInclude Include="extern\imgui\imconfig.h">
      <Filter>extern\imgui</Filter>
    </ClInclude>
    <ClInclude Include="extern\imgui\imgui.h">
      <Filter>extern\imgui</Filter>
    </ClInclude>
    <ClInclude Include="extern\imgui\imgui_internal.h">
      <Filter>extern\imgui</Filter>
    </ClInclude>
    <ClInclude Include="extern\imgui\imstb_rectpack.h">
      <Filter>extern\imgui</Filter>
    </ClInclude>
    <ClInclude Include="extern\imgui\imstb_textedit.h">
      <Filter>extern\imgui</Filter>
    </ClInclude>
    <ClInclude Include="extern\imgui\imstb_truetype.h">
      <Filter>extern\imgui</Filter>
    </ClInclude>
    <ClInclude Include="extern\imgui\backends\imgui_impl_dx11.h">
      <Filter>extern\imgui\backends</Filter>
    </ClInclude>
    <ClInclude Include="extern\imgui\backends\imgui_impl_win32.h">
      <Filter>extern\imgui\backends</Filter>
    </ClInclude>
  </ItemGroup>
  <ItemGroup>
    <Text Include="extern\imgui\LICENSE.txt">
      <Filter>extern\imgui</Filter>
    </Text>
  </ItemGroup>
</Project>